
Microsoft Visual Studio Solution File, Format Version 12.00
# Visual Studio Version 17
VisualStudioVersion = 17.0.31903.59
MinimumVisualStudioVersion = 10.0.40219.1
Project("{F2A71F9B-5D33-465A-A702-920D77279786}") = "AndroidIcons", "AndroidIcons\AndroidIcons.fsproj", "{B33A132C-ABA8-4B23-BF50-8D1D220020E6}"
EndProject
Project("{F2A71F9B-5D33-465A-A702-920D77279786}") = "AndroidIcons.Tests", "AndroidIcons.Tests\AndroidIcons.Tests.fsproj", "{47F1A568-DDBA-4F09-A065-D8276015A067}"
EndProject
Project("{2150E333-8FDC-42A3-9474-1A3956D46DE8}") = ".build", ".build", "{626EE4C7-5CF3-4D41-B508-3159AEBC61D3}"
	ProjectSection(SolutionItems) = preProject
		.editorconfig = .editorconfig
		.gitignore = .gitignore
		paket.dependencies = paket.dependencies
		paket.lock = paket.lock
		README.md = README.md
	EndProjectSection
EndProject
Global
	GlobalSection(SolutionConfigurationPlatforms) = preSolution
		Debug|Any CPU = Debug|Any CPU
		Release|Any CPU = Release|Any CPU
	EndGlobalSection
	GlobalSection(SolutionProperties) = preSolution
		HideSolutionNode = FALSE
	EndGlobalSection
	GlobalSection(ProjectConfigurationPlatforms) = postSolution
		{B33A132C-ABA8-4B23-BF50-8D1D220020E6}.Debug|Any CPU.ActiveCfg = Debug|Any CPU
		{B33A132C-ABA8-4B23-BF50-8D1D220020E6}.Debug|Any CPU.Build.0 = Debug|Any CPU
		{B33A132C-ABA8-4B23-BF50-8D1D220020E6}.Release|Any CPU.ActiveCfg = Release|Any CPU
		{B33A132C-ABA8-4B23-BF50-8D1D220020E6}.Release|Any CPU.Build.0 = Release|Any CPU
		{47F1A568-DDBA-4F09-A065-D8276015A067}.Debug|Any CPU.ActiveCfg = Debug|Any CPU
		{47F1A568-DDBA-4F09-A065-D8276015A067}.Debug|Any CPU.Build.0 = Debug|Any CPU
		{47F1A568-DDBA-4F09-A065-D8276015A067}.Release|Any CPU.ActiveCfg = Release|Any CPU
		{47F1A568-DDBA-4F09-A065-D8276015A067}.Release|Any CPU.Build.0 = Release|Any CPU
	EndGlobalSection
EndGlobal
